
Microsoft Visual Studio Solution File, Format Version 12.00
# Visual Studio Version 17
VisualStudioVersion = 17.0.31912.275
MinimumVisualStudioVersion = 10.0.40219.1
Project("{9A19103F-16F7-4668-BE54-9A1E7A4F7556}") = "CodeFirst", "CodeFirst\CodeFirst.csproj", "{1EC5AE4E-769D-447F-8CE1-F0797D46DFD8}"
EndProject
Global
	GlobalSection(SolutionConfigurationPlatforms) = preSolution
		Debug|Any CPU = Debug|Any CPU
		Release|Any CPU = Release|Any CPU
	EndGlobalSection
	GlobalSection(ProjectConfigurationPlatforms) = postSolution
		{1EC5AE4E-769D-447F-8CE1-F0797D46DFD8}.Debug|Any CPU.ActiveCfg = Debug|Any CPU
		{1EC5AE4E-769D-447F-8CE1-F0797D46DFD8}.Debug|Any CPU.Build.0 = Debug|Any CPU
		{1EC5AE4E-769D-447F-8CE1-F0797D46DFD8}.Release|Any CPU.ActiveCfg = Release|Any CPU
		{1EC5AE4E-769D-447F-8CE1-F0797D46DFD8}.Release|Any CPU.Build.0 = Release|Any CPU
	EndGlobalSection
	GlobalSection(SolutionProperties) = preSolution
		HideSolutionNode = FALSE
	EndGlobalSection
	GlobalSection(ExtensibilityGlobals) = postSolution
		SolutionGuid = {7A0449D4-39CE-485A-B48B-92A465C23246}
	EndGlobalSection
EndGlobal
